{
  "version": 4,
  "terraform_version": "0.14.5",
  "serial": 4,
  "lineage": "fcb42513-c968-9191-5bdb-d808baec03bd",
  "outputs": {},
  "resources": [
    {
      "module": "module.parameter-store-create-test",
      "mode": "managed",
      "type": "aws_ssm_parameter",
      "name": "paramter",
      "provider": "module.parameter-store-create-test.provider[\"registry.terraform.io/hashicorp/aws\"]",
      "instances": [
        {
          "index_key": "test_param1",
          "schema_version": 0,
          "attributes": {
            "allowed_pattern": "",
            "arn": "arn:aws:ssm:us-west-1:876135112572:parameter/test_param1",
            "data_type": "text",
            "description": "",
            "id": "test_param1",
            "key_id": "",
            "name": "test_param1",
            "overwrite": null,
            "tags": null,
            "tags_all": {},
            "tier": "Standard",
            "type": "String",
            "value": "test",
            "version": 1
          },
          "sensitive_attributes": [],
          "private": "bnVsbA=="
        },
        {
          "index_key": "test_param2",
          "schema_version": 0,
          "attributes": {
            "allowed_pattern": "",
            "arn": "arn:aws:ssm:us-west-1:876135112572:parameter/test_param2",
            "data_type": "text",
            "description": "",
            "id": "test_param2",
            "key_id": "",
            "name": "test_param2",
            "overwrite": null,
            "tags": null,
            "tags_all": {},
            "tier": "Standard",
            "type": "StringList",
            "value": "['test', 'test2', 'test']",
            "version": 1
          },
          "sensitive_attributes": [],
          "private": "bnVsbA=="
        },
        {
          "index_key": "test_param3",
          "schema_version": 0,
          "attributes": {
            "allowed_pattern": "",
            "arn": "arn:aws:ssm:us-west-1:876135112572:parameter/test_param3",
            "data_type": "text",
            "description": "",
            "id": "test_param3",
            "key_id": "alias/aws/ssm",
            "name": "test_param3",
            "overwrite": null,
            "tags": null,
            "tags_all": {},
            "tier": "Standard",
            "type": "SecureString",
            "value": "test#####$$$$",
            "version": 1
          },
          "sensitive_attributes": [],
          "private": "bnVsbA=="
        }
      ]
    }
  ]
}
